
Microsoft Visual Studio Solution File, Format Version 12.00
# Visual Studio Version 17
VisualStudioVersion = 17.0.31903.59
MinimumVisualStudioVersion = 10.0.40219.1
Project("{2150E333-8FDC-42A3-9474-1A3956D46DE8}") = "src", "src", "{827E0CD3-B72D-47B6-A68D-7590B98EB39B}"
EndProject
Project("{FAE04EC0-301F-11D3-BF4B-00C04F79EFBC}") = "SmartGreenhouse.Domain", "src\SmartGreenhouse.Domain\SmartGreenhouse.Domain.csproj", "{7B6837EC-089A-4544-914D-72690700454A}"
EndProject
Project("{FAE04EC0-301F-11D3-BF4B-00C04F79EFBC}") = "SmartGreenhouse.Infrastructure", "src\SmartGreenhouse.Infrastructure\SmartGreenhouse.Infrastructure.csproj", "{F5101C71-19F4-4C69-8D2D-1430B685835C}"
EndProject
Project("{FAE04EC0-301F-11D3-BF4B-00C04F79EFBC}") = "SmartGreenhouse.Application", "src\SmartGreenhouse.Application\SmartGreenhouse.Application.csproj", "{5F7DD119-2206-4E6E-8348-47FF7BD62355}"
EndProject
Project("{FAE04EC0-301F-11D3-BF4B-00C04F79EFBC}") = "SmartGreenhouse.Shared", "src\SmartGreenhouse.Shared\SmartGreenhouse.Shared.csproj", "{3397ACCE-F474-48E0-9E5A-BF1A0BD1D121}"
EndProject
Project("{FAE04EC0-301F-11D3-BF4B-00C04F79EFBC}") = "SmartGreenhouse.Api", "src\SmartGreenhouse.Api\SmartGreenhouse.Api.csproj", "{F4C5E354-6E8A-407D-B170-5962E1F22F04}"
EndProject
Global
	GlobalSection(SolutionConfigurationPlatforms) = preSolution
		Debug|Any CPU = Debug|Any CPU
		Debug|x64 = Debug|x64
		Debug|x86 = Debug|x86
		Release|Any CPU = Release|Any CPU
		Release|x64 = Release|x64
		Release|x86 = Release|x86
	EndGlobalSection
	GlobalSection(ProjectConfigurationPlatforms) = postSolution
		{7B6837EC-089A-4544-914D-72690700454A}.Debug|Any CPU.ActiveCfg = Debug|Any CPU
		{7B6837EC-089A-4544-914D-72690700454A}.Debug|Any CPU.Build.0 = Debug|Any CPU
		{7B6837EC-089A-4544-914D-72690700454A}.Debug|x64.ActiveCfg = Debug|Any CPU
		{7B6837EC-089A-4544-914D-72690700454A}.Debug|x64.Build.0 = Debug|Any CPU
		{7B6837EC-089A-4544-914D-72690700454A}.Debug|x86.ActiveCfg = Debug|Any CPU
		{7B6837EC-089A-4544-914D-72690700454A}.Debug|x86.Build.0 = Debug|Any CPU
		{7B6837EC-089A-4544-914D-72690700454A}.Release|Any CPU.ActiveCfg = Release|Any CPU
		{7B6837EC-089A-4544-914D-72690700454A}.Release|Any CPU.Build.0 = Release|Any CPU
		{7B6837EC-089A-4544-914D-72690700454A}.Release|x64.ActiveCfg = Release|Any CPU
		{7B6837EC-089A-4544-914D-72690700454A}.Release|x64.Build.0 = Release|Any CPU
		{7B6837EC-089A-4544-914D-72690700454A}.Release|x86.ActiveCfg = Release|Any CPU
		{7B6837EC-089A-4544-914D-72690700454A}.Release|x86.Build.0 = Release|Any CPU
		{F5101C71-19F4-4C69-8D2D-1430B685835C}.Debug|Any CPU.ActiveCfg = Debug|Any CPU
		{F5101C71-19F4-4C69-8D2D-1430B685835C}.Debug|Any CPU.Build.0 = Debug|Any CPU
		{F5101C71-19F4-4C69-8D2D-1430B685835C}.Debug|x64.ActiveCfg = Debug|Any CPU
		{F5101C71-19F4-4C69-8D2D-1430B685835C}.Debug|x64.Build.0 = Debug|Any CPU
		{F5101C71-19F4-4C69-8D2D-1430B685835C}.Debug|x86.ActiveCfg = Debug|Any CPU
		{F5101C71-19F4-4C69-8D2D-1430B685835C}.Debug|x86.Build.0 = Debug|Any CPU
		{F5101C71-19F4-4C69-8D2D-1430B685835C}.Release|Any CPU.ActiveCfg = Release|Any CPU
		{F5101C71-19F4-4C69-8D2D-1430B685835C}.Release|Any CPU.Build.0 = Release|Any CPU
		{F5101C71-19F4-4C69-8D2D-1430B685835C}.Release|x64.ActiveCfg = Release|Any CPU
		{F5101C71-19F4-4C69-8D2D-1430B685835C}.Release|x64.Build.0 = Release|Any CPU
		{F5101C71-19F4-4C69-8D2D-1430B685835C}.Release|x86.ActiveCfg = Release|Any CPU
		{F5101C71-19F4-4C69-8D2D-1430B685835C}.Release|x86.Build.0 = Release|Any CPU
		{5F7DD119-2206-4E6E-8348-47FF7BD62355}.Debug|Any CPU.ActiveCfg = Debug|Any CPU
		{5F7DD119-2206-4E6E-8348-47FF7BD62355}.Debug|Any CPU.Build.0 = Debug|Any CPU
		{5F7DD119-2206-4E6E-8348-47FF7BD62355}.Debug|x64.ActiveCfg = Debug|Any CPU
		{5F7DD119-2206-4E6E-8348-47FF7BD62355}.Debug|x64.Build.0 = Debug|Any CPU
		{5F7DD119-2206-4E6E-8348-47FF7BD62355}.Debug|x86.ActiveCfg = Debug|Any CPU
		{5F7DD119-2206-4E6E-8348-47FF7BD62355}.Debug|x86.Build.0 = Debug|Any CPU
		{5F7DD119-2206-4E6E-8348-47FF7BD62355}.Release|Any CPU.ActiveCfg = Release|Any CPU
		{5F7DD119-2206-4E6E-8348-47FF7BD62355}.Release|Any CPU.Build.0 = Release|Any CPU
		{5F7DD119-2206-4E6E-8348-47FF7BD62355}.Release|x64.ActiveCfg = Release|Any CPU
		{5F7DD119-2206-4E6E-8348-47FF7BD62355}.Release|x64.Build.0 = Release|Any CPU
		{5F7DD119-2206-4E6E-8348-47FF7BD62355}.Release|x86.ActiveCfg = Release|Any CPU
		{5F7DD119-2206-4E6E-8348-47FF7BD62355}.Release|x86.Build.0 = Release|Any CPU
		{3397ACCE-F474-48E0-9E5A-BF1A0BD1D121}.Debug|Any CPU.ActiveCfg = Debug|Any CPU
		{3397ACCE-F474-48E0-9E5A-BF1A0BD1D121}.Debug|Any CPU.Build.0 = Debug|Any CPU
		{3397ACCE-F474-48E0-9E5A-BF1A0BD1D121}.Debug|x64.ActiveCfg = Debug|Any CPU
		{3397ACCE-F474-48E0-9E5A-BF1A0BD1D121}.Debug|x64.Build.0 = Debug|Any CPU
		{3397ACCE-F474-48E0-9E5A-BF1A0BD1D121}.Debug|x86.ActiveCfg = Debug|Any CPU
		{3397ACCE-F474-48E0-9E5A-BF1A0BD1D121}.Debug|x86.Build.0 = Debug|Any CPU
		{3397ACCE-F474-48E0-9E5A-BF1A0BD1D121}.Release|Any CPU.ActiveCfg = Release|Any CPU
		{3397ACCE-F474-48E0-9E5A-BF1A0BD1D121}.Release|Any CPU.Build.0 = Release|Any CPU
		{3397ACCE-F474-48E0-9E5A-BF1A0BD1D121}.Release|x64.ActiveCfg = Release|Any CPU
		{3397ACCE-F474-48E0-9E5A-BF1A0BD1D121}.Release|x64.Build.0 = Release|Any CPU
		{3397ACCE-F474-48E0-9E5A-BF1A0BD1D121}.Release|x86.ActiveCfg = Release|Any CPU
		{3397ACCE-F474-48E0-9E5A-BF1A0BD1D121}.Release|x86.Build.0 = Release|Any CPU
		{F4C5E354-6E8A-407D-B170-5962E1F22F04}.Debug|Any CPU.ActiveCfg = Debug|Any CPU
		{F4C5E354-6E8A-407D-B170-5962E1F22F04}.Debug|Any CPU.Build.0 = Debug|Any CPU
		{F4C5E354-6E8A-407D-B170-5962E1F22F04}.Debug|x64.ActiveCfg = Debug|Any CPU
		{F4C5E354-6E8A-407D-B170-5962E1F22F04}.Debug|x64.Build.0 = Debug|Any CPU
		{F4C5E354-6E8A-407D-B170-5962E1F22F04}.Debug|x86.ActiveCfg = Debug|Any CPU
		{F4C5E354-6E8A-407D-B170-5962E1F22F04}.Debug|x86.Build.0 = Debug|Any CPU
		{F4C5E354-6E8A-407D-B170-5962E1F22F04}.Release|Any CPU.ActiveCfg = Release|Any CPU
		{F4C5E354-6E8A-407D-B170-5962E1F22F04}.Release|Any CPU.Build.0 = Release|Any CPU
		{F4C5E354-6E8A-407D-B170-5962E1F22F04}.Release|x64.ActiveCfg = Release|Any CPU
		{F4C5E354-6E8A-407D-B170-5962E1F22F04}.Release|x64.Build.0 = Release|Any CPU
		{F4C5E354-6E8A-407D-B170-5962E1F22F04}.Release|x86.ActiveCfg = Release|Any CPU
		{F4C5E354-6E8A-407D-B170-5962E1F22F04}.Release|x86.Build.0 = Release|Any CPU
	EndGlobalSection
	GlobalSection(SolutionProperties) = preSolution
		HideSolutionNode = FALSE
	EndGlobalSection
	GlobalSection(NestedProjects) = preSolution
		{7B6837EC-089A-4544-914D-72690700454A} = {827E0CD3-B72D-47B6-A68D-7590B98EB39B}
		{F5101C71-19F4-4C69-8D2D-1430B685835C} = {827E0CD3-B72D-47B6-A68D-7590B98EB39B}
		{5F7DD119-2206-4E6E-8348-47FF7BD62355} = {827E0CD3-B72D-47B6-A68D-7590B98EB39B}
		{3397ACCE-F474-48E0-9E5A-BF1A0BD1D121} = {827E0CD3-B72D-47B6-A68D-7590B98EB39B}
		{F4C5E354-6E8A-407D-B170-5962E1F22F04} = {827E0CD3-B72D-47B6-A68D-7590B98EB39B}
	EndGlobalSection
EndGlobal
